
Microsoft Visual Studio Solution File, Format Version 12.00
# Visual Studio 15
VisualStudioVersion = 15.0.27428.2037
MinimumVisualStudioVersion = 10.0.40219.1
Project("{8BC9CEB8-8B4A-11D0-8D11-00A0C91BC942}") = "euclid", "euclid\euclid.vcxproj", "{3B18CA5F-9CEB-4045-A1F1-7F85032AE18C}"
EndProject
Global
	GlobalSection(SolutionConfigurationPlatforms) = preSolution
		Debug|x64 = Debug|x64
		Debug|x86 = Debug|x86
		Release|x64 = Release|x64
		Release|x86 = Release|x86
	EndGlobalSection
	GlobalSection(ProjectConfigurationPlatforms) = postSolution
		{3B18CA5F-9CEB-4045-A1F1-7F85032AE18C}.Debug|x64.ActiveCfg = Debug|x64
		{3B18CA5F-9CEB-4045-A1F1-7F85032AE18C}.Debug|x64.Build.0 = Debug|x64
		{3B18CA5F-9CEB-4045-A1F1-7F85032AE18C}.Debug|x86.ActiveCfg = Debug|Win32
		{3B18CA5F-9CEB-4045-A1F1-7F85032AE18C}.Debug|x86.Build.0 = Debug|Win32
		{3B18CA5F-9CEB-4045-A1F1-7F85032AE18C}.Release|x64.ActiveCfg = Release|x64
		{3B18CA5F-9CEB-4045-A1F1-7F85032AE18C}.Release|x64.Build.0 = Release|x64
		{3B18CA5F-9CEB-4045-A1F1-7F85032AE18C}.Release|x86.ActiveCfg = Release|Win32
		{3B18CA5F-9CEB-4045-A1F1-7F85032AE18C}.Release|x86.Build.0 = Release|Win32
	EndGlobalSection
	GlobalSection(SolutionProperties) = preSolution
		HideSolutionNode = FALSE
	EndGlobalSection
	GlobalSection(ExtensibilityGlobals) = postSolution
		SolutionGuid = {1AAFD628-2D66-48A8-939E-4C1C24A53A2D}
	EndGlobalSection
EndGlobal
